
Microsoft Visual Studio Solution File, Format Version 12.00
# Visual Studio 15
VisualStudioVersion = 15.0.27004.2009
MinimumVisualStudioVersion = 10.0.40219.1
Project("{FAE04EC0-301F-11D3-BF4B-00C04F79EFBC}") = "Ejercicio3", "Ejercicio3\Ejercicio3.csproj", "{E2309ADD-B697-459F-A7C7-1B700B521055}"
EndProject
Global
	GlobalSection(SolutionConfigurationPlatforms) = preSolution
		Debug|Any CPU = Debug|Any CPU
		Release|Any CPU = Release|Any CPU
	EndGlobalSection
	GlobalSection(ProjectConfigurationPlatforms) = postSolution
		{E2309ADD-B697-459F-A7C7-1B700B521055}.Debug|Any CPU.ActiveCfg = Debug|Any CPU
		{E2309ADD-B697-459F-A7C7-1B700B521055}.Debug|Any CPU.Build.0 = Debug|Any CPU
		{E2309ADD-B697-459F-A7C7-1B700B521055}.Release|Any CPU.ActiveCfg = Release|Any CPU
		{E2309ADD-B697-459F-A7C7-1B700B521055}.Release|Any CPU.Build.0 = Release|Any CPU
	EndGlobalSection
	GlobalSection(SolutionProperties) = preSolution
		HideSolutionNode = FALSE
	EndGlobalSection
	GlobalSection(ExtensibilityGlobals) = postSolution
		SolutionGuid = {ED29E935-35E7-4C11-A439-5D9C16725C1C}
	EndGlobalSection
EndGlobal
