
Microsoft Visual Studio Solution File, Format Version 12.00
# Visual Studio 14
VisualStudioVersion = 14.0.25420.1
MinimumVisualStudioVersion = 10.0.40219.1
Project("{FAE04EC0-301F-11D3-BF4B-00C04F79EFBC}") = "Calculadora", "Calculadora\Calculadora.csproj", "{28152FDF-8084-45B6-B6B3-F598E78F8BB5}"
EndProject
Project("{FAE04EC0-301F-11D3-BF4B-00C04F79EFBC}") = "MetodosCalculadoraTest", "MetodosCalculadoraTest\MetodosCalculadoraTest.csproj", "{34590ED3-6AA8-4606-A636-3A97EC0116C1}"
EndProject
Global
	GlobalSection(SolutionConfigurationPlatforms) = preSolution
		Debug|Any CPU = Debug|Any CPU
		Release|Any CPU = Release|Any CPU
	EndGlobalSection
	GlobalSection(ProjectConfigurationPlatforms) = postSolution
		{28152FDF-8084-45B6-B6B3-F598E78F8BB5}.Debug|Any CPU.ActiveCfg = Debug|Any CPU
		{28152FDF-8084-45B6-B6B3-F598E78F8BB5}.Debug|Any CPU.Build.0 = Debug|Any CPU
		{28152FDF-8084-45B6-B6B3-F598E78F8BB5}.Release|Any CPU.ActiveCfg = Release|Any CPU
		{28152FDF-8084-45B6-B6B3-F598E78F8BB5}.Release|Any CPU.Build.0 = Release|Any CPU
		{34590ED3-6AA8-4606-A636-3A97EC0116C1}.Debug|Any CPU.ActiveCfg = Debug|Any CPU
		{34590ED3-6AA8-4606-A636-3A97EC0116C1}.Debug|Any CPU.Build.0 = Debug|Any CPU
		{34590ED3-6AA8-4606-A636-3A97EC0116C1}.Release|Any CPU.ActiveCfg = Release|Any CPU
		{34590ED3-6AA8-4606-A636-3A97EC0116C1}.Release|Any CPU.Build.0 = Release|Any CPU
	EndGlobalSection
	GlobalSection(SolutionProperties) = preSolution
		HideSolutionNode = FALSE
	EndGlobalSection
EndGlobal
